<?xml version="1.0" encoding="utf-8"?>
<Project ToolsVersion="4.0" xmlns="http://schemas.microsoft.com/developer/msbuild/2003">
  <ItemGroup>
    <ClCompile Include="mem_tests.cpp" />
    <ClCompile Include="mm.cpp" />
  </ItemGroup>
  <ItemGroup>
    <ClInclude Include="mm.h" />
  </ItemGroup>
</Project>