
Microsoft Visual Studio Solution File, Format Version 12.00
# Visual Studio 15
VisualStudioVersion = 15.0.28307.1433
MinimumVisualStudioVersion = 10.0.40219.1
Project("{8BC9CEB8-8B4A-11D0-8D11-00A0C91BC942}") = "smd_parser", "smd_parser\smd_parser.vcxproj", "{0551C5F7-2CEA-4417-93E0-26510BB04CA3}"
EndProject
Global
	GlobalSection(SolutionConfigurationPlatforms) = preSolution
		Debug|x64 = Debug|x64
		Debug|x86 = Debug|x86
		Release|x64 = Release|x64
		Release|x86 = Release|x86
	EndGlobalSection
	GlobalSection(ProjectConfigurationPlatforms) = postSolution
		{0551C5F7-2CEA-4417-93E0-26510BB04CA3}.Debug|x64.ActiveCfg = Debug|x64
		{0551C5F7-2CEA-4417-93E0-26510BB04CA3}.Debug|x64.Build.0 = Debug|x64
		{0551C5F7-2CEA-4417-93E0-26510BB04CA3}.Debug|x86.ActiveCfg = Debug|Win32
		{0551C5F7-2CEA-4417-93E0-26510BB04CA3}.Debug|x86.Build.0 = Debug|Win32
		{0551C5F7-2CEA-4417-93E0-26510BB04CA3}.Release|x64.ActiveCfg = Release|x64
		{0551C5F7-2CEA-4417-93E0-26510BB04CA3}.Release|x64.Build.0 = Release|x64
		{0551C5F7-2CEA-4417-93E0-26510BB04CA3}.Release|x86.ActiveCfg = Release|Win32
		{0551C5F7-2CEA-4417-93E0-26510BB04CA3}.Release|x86.Build.0 = Release|Win32
	EndGlobalSection
	GlobalSection(SolutionProperties) = preSolution
		HideSolutionNode = FALSE
	EndGlobalSection
	GlobalSection(ExtensibilityGlobals) = postSolution
		SolutionGuid = {4AA82F36-D646-46C7-B529-1AA3A68D2AAA}
	EndGlobalSection
EndGlobal
