
Microsoft Visual Studio Solution File, Format Version 12.00
# Visual Studio 15
VisualStudioVersion = 15.0.28307.1433
MinimumVisualStudioVersion = 10.0.40219.1
Project("{8BC9CEB8-8B4A-11D0-8D11-00A0C91BC942}") = "BURNING_CONTROL", "BURNING_CONTROL\BURNING_CONTROL.vcxproj", "{767BAA16-6629-4588-A768-4499FF6B77FA}"
EndProject
Global
	GlobalSection(SolutionConfigurationPlatforms) = preSolution
		Debug|x64 = Debug|x64
		Debug|x86 = Debug|x86
		Release|x64 = Release|x64
		Release|x86 = Release|x86
	EndGlobalSection
	GlobalSection(ProjectConfigurationPlatforms) = postSolution
		{767BAA16-6629-4588-A768-4499FF6B77FA}.Debug|x64.ActiveCfg = Debug|x64
		{767BAA16-6629-4588-A768-4499FF6B77FA}.Debug|x64.Build.0 = Debug|x64
		{767BAA16-6629-4588-A768-4499FF6B77FA}.Debug|x86.ActiveCfg = Debug|Win32
		{767BAA16-6629-4588-A768-4499FF6B77FA}.Debug|x86.Build.0 = Debug|Win32
		{767BAA16-6629-4588-A768-4499FF6B77FA}.Release|x64.ActiveCfg = Release|x64
		{767BAA16-6629-4588-A768-4499FF6B77FA}.Release|x64.Build.0 = Release|x64
		{767BAA16-6629-4588-A768-4499FF6B77FA}.Release|x86.ActiveCfg = Release|Win32
		{767BAA16-6629-4588-A768-4499FF6B77FA}.Release|x86.Build.0 = Release|Win32
	EndGlobalSection
	GlobalSection(SolutionProperties) = preSolution
		HideSolutionNode = FALSE
	EndGlobalSection
	GlobalSection(ExtensibilityGlobals) = postSolution
		SolutionGuid = {DA720450-5484-4CBC-AD37-E1B97E13E8A2}
	EndGlobalSection
EndGlobal
