
Microsoft Visual Studio Solution File, Format Version 12.00
# Visual Studio 15
VisualStudioVersion = 15.0.28307.1433
MinimumVisualStudioVersion = 10.0.40219.1
Project("{8BC9CEB8-8B4A-11D0-8D11-00A0C91BC942}") = "gl_loader_test", "gl_loader_test\gl_loader_test.vcxproj", "{6A272E15-558A-4EA6-B680-FBECAAE19C4F}"
EndProject
Global
	GlobalSection(SolutionConfigurationPlatforms) = preSolution
		Debug|x64 = Debug|x64
		Debug|x86 = Debug|x86
		Release|x64 = Release|x64
		Release|x86 = Release|x86
	EndGlobalSection
	GlobalSection(ProjectConfigurationPlatforms) = postSolution
		{6A272E15-558A-4EA6-B680-FBECAAE19C4F}.Debug|x64.ActiveCfg = Debug|x64
		{6A272E15-558A-4EA6-B680-FBECAAE19C4F}.Debug|x64.Build.0 = Debug|x64
		{6A272E15-558A-4EA6-B680-FBECAAE19C4F}.Debug|x86.ActiveCfg = Debug|Win32
		{6A272E15-558A-4EA6-B680-FBECAAE19C4F}.Debug|x86.Build.0 = Debug|Win32
		{6A272E15-558A-4EA6-B680-FBECAAE19C4F}.Release|x64.ActiveCfg = Release|x64
		{6A272E15-558A-4EA6-B680-FBECAAE19C4F}.Release|x64.Build.0 = Release|x64
		{6A272E15-558A-4EA6-B680-FBECAAE19C4F}.Release|x86.ActiveCfg = Release|Win32
		{6A272E15-558A-4EA6-B680-FBECAAE19C4F}.Release|x86.Build.0 = Release|Win32
	EndGlobalSection
	GlobalSection(SolutionProperties) = preSolution
		HideSolutionNode = FALSE
	EndGlobalSection
	GlobalSection(ExtensibilityGlobals) = postSolution
		SolutionGuid = {AA88E00E-DF77-4663-83A1-35687AA5C5EF}
	EndGlobalSection
EndGlobal
